{
  "nodes": {
    "flakeNimbleLib": {
      "inputs": {
        "nixpkgs": [
          "nixpkgs"
        ]
      },
      "locked": {
        "lastModified": 1662018438,
        "narHash": "sha256-QtNtU6+LX3Wokxf0zlFwKTFOcn6TeDjKQZ+DA9OYtvM=",
        "owner": "riinr",
        "repo": "nim-flakes-lib",
        "rev": "b1fe8340736e3a85d25c709ac3dfd82a55c03cbf",
        "type": "github"
      },
      "original": {
        "owner": "riinr",
        "ref": "master",
        "repo": "nim-flakes-lib",
        "type": "github"
      }
    },
    "niminst-master": {
      "inputs": {
        "flakeNimbleLib": [
          "flakeNimbleLib"
        ],
        "nixpkgs": [
          "nixpkgs"
        ],
        "src-niminst-master": "src-niminst-master"
      },
      "locked": {
        "dir": "master",
        "lastModified": 1662254661,
        "narHash": "sha256-ObDlkhX/Kati/OWl2h9uuXCsf7WvK9/fwotnRBLIT5I=",
        "owner": "nim-nix-pkgs",
        "repo": "niminst",
        "rev": "cfd1b5e8c20cef2387b8e4c05bf15916f9a7886e",
        "type": "github"
      },
      "original": {
        "dir": "master",
        "owner": "nim-nix-pkgs",
        "ref": "master",
        "repo": "niminst",
        "type": "github"
      }
    },
    "nixpkgs": {
      "locked": {
        "lastModified": 1667110639,
        "narHash": "sha256-4FbPESZ5LbqQxkJJJBAfk/zKgF9h/4kyUwjjpJwYlbc=",
        "owner": "NixOS",
        "repo": "nixpkgs",
        "rev": "f38a1f04d1bec1feb61fd101a0539ae2002a7087",
        "type": "github"
      },
      "original": {
        "id": "nixpkgs",
        "type": "indirect"
      }
    },
    "root": {
      "inputs": {
        "flakeNimbleLib": "flakeNimbleLib",
        "niminst-master": "niminst-master",
        "nixpkgs": "nixpkgs"
      }
    },
    "src-niminst-master": {
      "flake": false,
      "locked": {
        "lastModified": 1575278897,
        "narHash": "sha256-SGKOeGeA7RBhtD/5ymLLvn1CpnB5AZnQ6ZmfAW2KSH0=",
        "owner": "nim-lang",
        "repo": "niminst",
        "rev": "b30ea9685f34fce3d827f9fe016a14cb47f405ef",
        "type": "github"
      },
      "original": {
        "owner": "nim-lang",
        "ref": "refs/heads/master",
        "repo": "niminst",
        "type": "github"
      }
    }
  },
  "root": "root",
  "version": 7
}
